
Microsoft Visual Studio Solution File, Format Version 12.00
# Visual Studio Version 17
VisualStudioVersion = 17.9.34616.47
MinimumVisualStudioVersion = 10.0.40219.1
Project("{FAE04EC0-301F-11D3-BF4B-00C04F79EFBC}") = "uygulama1", "uygulama1\uygulama1.csproj", "{C3586841-B89F-405F-A5ED-97DC7AF49C7A}"
EndProject
Global
	GlobalSection(SolutionConfigurationPlatforms) = preSolution
		Debug|Any CPU = Debug|Any CPU
		Release|Any CPU = Release|Any CPU
	EndGlobalSection
	GlobalSection(ProjectConfigurationPlatforms) = postSolution
		{C3586841-B89F-405F-A5ED-97DC7AF49C7A}.Debug|Any CPU.ActiveCfg = Debug|Any CPU
		{C3586841-B89F-405F-A5ED-97DC7AF49C7A}.Debug|Any CPU.Build.0 = Debug|Any CPU
		{C3586841-B89F-405F-A5ED-97DC7AF49C7A}.Release|Any CPU.ActiveCfg = Release|Any CPU
		{C3586841-B89F-405F-A5ED-97DC7AF49C7A}.Release|Any CPU.Build.0 = Release|Any CPU
	EndGlobalSection
	GlobalSection(SolutionProperties) = preSolution
		HideSolutionNode = FALSE
	EndGlobalSection
	GlobalSection(ExtensibilityGlobals) = postSolution
		SolutionGuid = {B4714145-444B-46C9-9526-2E0AD1BD6ECF}
	EndGlobalSection
EndGlobal
