
Microsoft Visual Studio Solution File, Format Version 12.00
# Visual Studio Version 17
VisualStudioVersion = 17.9.34616.47
MinimumVisualStudioVersion = 10.0.40219.1
Project("{FAE04EC0-301F-11D3-BF4B-00C04F79EFBC}") = "uygulama1", "uygulama1\uygulama1.csproj", "{C3586841-B89F-405F-A5ED-97DC7AF49C7A}"
EndProject
Project("{FAE04EC0-301F-11D3-BF4B-00C04F79EFBC}") = "uygulama2", "uygulama2\uygulama2.csproj", "{FCA372A2-829A-4B0D-9C07-9841B6DDECEE}"
EndProject
Project("{FAE04EC0-301F-11D3-BF4B-00C04F79EFBC}") = "uygulama3", "uygulama3\uygulama3.csproj", "{7F13E0CA-B256-4039-9FF0-88044019BFA4}"
EndProject
Project("{FAE04EC0-301F-11D3-BF4B-00C04F79EFBC}") = "Uygulama4", "Uygulama4\Uygulama4.csproj", "{9B29810B-5A27-4B22-919C-421DD158B39E}"
EndProject
Project("{FAE04EC0-301F-11D3-BF4B-00C04F79EFBC}") = "uygulama5", "uygulama5\uygulama5.csproj", "{900F0714-DCE7-4586-A295-75B35C9F36D4}"
EndProject
Project("{FAE04EC0-301F-11D3-BF4B-00C04F79EFBC}") = "AracGalerisi", "AracGalerisi\AracGalerisi.csproj", "{BA8ED14D-56E0-4863-9F66-13E8FF865713}"
EndProject
Global
	GlobalSection(SolutionConfigurationPlatforms) = preSolution
		Debug|Any CPU = Debug|Any CPU
		Release|Any CPU = Release|Any CPU
	EndGlobalSection
	GlobalSection(ProjectConfigurationPlatforms) = postSolution
		{C3586841-B89F-405F-A5ED-97DC7AF49C7A}.Debug|Any CPU.ActiveCfg = Debug|Any CPU
		{C3586841-B89F-405F-A5ED-97DC7AF49C7A}.Debug|Any CPU.Build.0 = Debug|Any CPU
		{C3586841-B89F-405F-A5ED-97DC7AF49C7A}.Release|Any CPU.ActiveCfg = Release|Any CPU
		{C3586841-B89F-405F-A5ED-97DC7AF49C7A}.Release|Any CPU.Build.0 = Release|Any CPU
		{FCA372A2-829A-4B0D-9C07-9841B6DDECEE}.Debug|Any CPU.ActiveCfg = Debug|Any CPU
		{FCA372A2-829A-4B0D-9C07-9841B6DDECEE}.Debug|Any CPU.Build.0 = Debug|Any CPU
		{FCA372A2-829A-4B0D-9C07-9841B6DDECEE}.Release|Any CPU.ActiveCfg = Release|Any CPU
		{FCA372A2-829A-4B0D-9C07-9841B6DDECEE}.Release|Any CPU.Build.0 = Release|Any CPU
		{7F13E0CA-B256-4039-9FF0-88044019BFA4}.Debug|Any CPU.ActiveCfg = Debug|Any CPU
		{7F13E0CA-B256-4039-9FF0-88044019BFA4}.Debug|Any CPU.Build.0 = Debug|Any CPU
		{7F13E0CA-B256-4039-9FF0-88044019BFA4}.Release|Any CPU.ActiveCfg = Release|Any CPU
		{7F13E0CA-B256-4039-9FF0-88044019BFA4}.Release|Any CPU.Build.0 = Release|Any CPU
		{9B29810B-5A27-4B22-919C-421DD158B39E}.Debug|Any CPU.ActiveCfg = Debug|Any CPU
		{9B29810B-5A27-4B22-919C-421DD158B39E}.Debug|Any CPU.Build.0 = Debug|Any CPU
		{9B29810B-5A27-4B22-919C-421DD158B39E}.Release|Any CPU.ActiveCfg = Release|Any CPU
		{9B29810B-5A27-4B22-919C-421DD158B39E}.Release|Any CPU.Build.0 = Release|Any CPU
		{900F0714-DCE7-4586-A295-75B35C9F36D4}.Debug|Any CPU.ActiveCfg = Debug|Any CPU
		{900F0714-DCE7-4586-A295-75B35C9F36D4}.Debug|Any CPU.Build.0 = Debug|Any CPU
		{900F0714-DCE7-4586-A295-75B35C9F36D4}.Release|Any CPU.ActiveCfg = Release|Any CPU
		{900F0714-DCE7-4586-A295-75B35C9F36D4}.Release|Any CPU.Build.0 = Release|Any CPU
		{BA8ED14D-56E0-4863-9F66-13E8FF865713}.Debug|Any CPU.ActiveCfg = Debug|Any CPU
		{BA8ED14D-56E0-4863-9F66-13E8FF865713}.Debug|Any CPU.Build.0 = Debug|Any CPU
		{BA8ED14D-56E0-4863-9F66-13E8FF865713}.Release|Any CPU.ActiveCfg = Release|Any CPU
		{BA8ED14D-56E0-4863-9F66-13E8FF865713}.Release|Any CPU.Build.0 = Release|Any CPU
	EndGlobalSection
	GlobalSection(SolutionProperties) = preSolution
		HideSolutionNode = FALSE
	EndGlobalSection
	GlobalSection(ExtensibilityGlobals) = postSolution
		SolutionGuid = {B4714145-444B-46C9-9526-2E0AD1BD6ECF}
	EndGlobalSection
EndGlobal
